<?xml version="1.0" encoding="utf-8"?>
<Project ToolsVersion="4.0" xmlns="http://schemas.microsoft.com/developer/msbuild/2003">
  <ItemGroup>
    <ClCompile Include="Utilities\Time.cpp" />
    <ClCompile Include="GameElements\GameObject.cpp" />
    <ClCompile Include="GameElements\Monobehavior.cpp" />
    <ClCompile Include="Components\Transform.cpp" />
    <ClCompile Include="GameElements\Scene.cpp" />
    <ClCompile Include="GameElements\GameProject.cpp" />
    <ClCompile Include="EngineSystem\SystemBase\SDLSystem.cpp" />
    <ClCompile Include="EngineSystem\GameManager.cpp" />
    <ClCompile Include="Utilities\StringConverter.cpp" />
    <ClCompile Include="Utilities\xml\tinystr.cpp" />
    <ClCompile Include="Utilities\xml\tinyxml.cpp" />
    <ClCompile Include="Utilities\xml\tinyxmlerror.cpp" />
    <ClCompile Include="Utilities\xml\tinyxmlparser.cpp" />
    <ClCompile Include="Utilities\glTime.cpp" />
    <ClCompile Include="EngineSystem\SystemBase\glSystem.cpp" />
    <ClCompile Include="pch.cpp" />
    <ClCompile Include="Utilities\stb_image.cpp" />
    <ClCompile Include="glad.c" />
    <ClCompile Include="EngineSystem\glSystem\EBO.cpp" />
    <ClCompile Include="EngineSystem\glSystem\VBO.cpp" />
    <ClCompile Include="EngineSystem\glSystem\VAO.cpp" />
    <ClCompile Include="EngineSystem\glSystem\Shaders\shaderClass.cpp" />
    <ClCompile Include="EngineSystem\glSystem\Texture.cpp" />
    <ClCompile Include="EngineSystem\glSystem\Mesh.cpp" />
    <ClCompile Include="Components\glCameraComponent.cpp" />
    <ClCompile Include="Components\glMeshComponent.cpp" />
    <ClCompile Include="EngineSystem\SDLSystem\SDLInputHandler.cpp" />
    <ClCompile Include="EngineSystem\SDLSystem\SDLMeshComponent.cpp" />
    <ClCompile Include="GameElements\Object.cpp" />
  </ItemGroup>
  <ItemGroup>
    <ClInclude Include="Utilities\Time.h" />
    <ClInclude Include="GameElements\GameObject.h" />
    <ClInclude Include="GameElements\Monobehavior.h" />
    <ClInclude Include="Components\Transform.h" />
    <ClInclude Include="GameElements\Component.h" />
    <ClInclude Include="GameElements\Object.h" />
    <ClInclude Include="GameElements\Behaviour.h" />
    <ClInclude Include="GameElements\Scene.h" />
    <ClInclude Include="GameElements\GameProject.h" />
    <ClInclude Include="EngineSystem\SystemBase\EngineSystem.h" />
    <ClInclude Include="EngineSystem\SystemBase\SDLSystem.h" />
    <ClInclude Include="EngineSystem\GameManager.h" />
    <ClInclude Include="Utilities\StringConverter.h" />
    <ClInclude Include="Common\Common.h" />
    <ClInclude Include="Common\Singleton.h" />
    <ClInclude Include="Utilities\xml\tinyxml.h" />
    <ClInclude Include="Utilities\xml\tinystr.h" />
    <ClInclude Include="pch.h" />
    <ClInclude Include="Utilities\glTime.h" />
    <ClInclude Include="EngineSystem\SystemBase\glSystem.h" />
    <ClInclude Include="Utilities\stb_image.h" />
    <ClInclude Include="EngineSystem\glSystem\VBO.h" />
    <ClInclude Include="EngineSystem\glSystem\EBO.h" />
    <ClInclude Include="EngineSystem\glSystem\VAO.h" />
    <ClInclude Include="EngineSystem\glSystem\Shaders\shaderClass.h" />
    <ClInclude Include="EngineSystem\glSystem\Texture.h" />
    <ClInclude Include="EngineSystem\glSystem\Mesh.h" />
    <ClInclude Include="Components\glCameraComponent.h" />
    <ClInclude Include="Components\glMeshComponent.h" />
    <ClInclude Include="Components\IMesh.h" />
    <ClInclude Include="EngineSystem\SDLSystem\SDLMeshComponent.h" />
    <ClInclude Include="EngineSystem\SDLSystem\SDLInputHandler.h" />
  </ItemGroup>
</Project>